// !$*UTF8*$!
{
	archiveVersion = 1;
	classes = {
	};
	objectVersion = 46;
	objects = {

/* Begin PBXBuildFile section */
		58089CBA1E20C4960060FE40 /* AppDelegate.swift in Sources */ = {isa = PBXBuildFile; fileRef = 58089CB91E20C4960060FE40 /* AppDelegate.swift */; };
		58089CBC1E20C4960060FE40 /* ViewController.swift in Sources */ = {isa = PBXBuildFile; fileRef = 58089CBB1E20C4960060FE40 /* ViewController.swift */; };
		58089CBF1E20C4960060FE40 /* Main.storyboard in Resources */ = {isa = PBXBuildFile; fileRef = 58089CBD1E20C4960060FE40 /* Main.storyboard */; };
		58089CC11E20C4960060FE40 /* Assets.xcassets in Resources */ = {isa = PBXBuildFile; fileRef = 58089CC01E20C4960060FE40 /* Assets.xcassets */; };
		58089CC41E20C4960060FE40 /* LaunchScreen.storyboard in Resources */ = {isa = PBXBuildFile; fileRef = 58089CC21E20C4960060FE40 /* LaunchScreen.storyboard */; };
/* End PBXBuildFile section */

/* Begin PBXFileReference section */
		58089CB61E20C4960060FE40 /* ExpandableCells.app */ = {isa = PBXFileReference; explicitFileType = wrapper.application; includeInIndex = 0; path = ExpandableCells.app; sourceTree = BUILT_PRODUCTS_DIR; };
		58089CB91E20C4960060FE40 /* AppDelegate.swift */ = {isa = PBXFileReference; lastKnownFileType = sourcecode.swift; path = AppDelegate.swift; sourceTree = "<group>"; };
		58089CBB1E20C4960060FE40 /* ViewController.swift */ = {isa = PBXFileReference; lastKnownFileType = sourcecode.swift; path = ViewController.swift; sourceTree = "<group>"; };
		58089CBE1E20C4960060FE40 /* Base */ = {isa = PBXFileReference; lastKnownFileType = file.storyboard; name = Base; path = Base.lproj/Main.storyboard; sourceTree = "<group>"; };
		58089CC01E20C4960060FE40 /* Assets.xcassets */ = {isa = PBXFileReference; lastKnownFileType = folder.assetcatalog; path = Assets.xcassets; sourceTree = "<group>"; };
		58089CC31E20C4960060FE40 /* Base */ = {isa = PBXFileReference; lastKnownFileType = file.storyboard; name = Base; path = Base.lproj/LaunchScreen.storyboard; sourceTree = "<group>"; };
		58089CC51E20C4960060FE40 /* Info.plist */ = {isa = PBXFileReference; lastKnownFileType = text.plist.xml; path = Info.plist; sourceTree = "<group>"; };
/* End PBXFileReference section */

/* Begin PBXFrameworksBuildPhase section */
		58089CB31E20C4960060FE40 /* Frameworks */ = {
			isa = PBXFrameworksBuildPhase;
			buildActionMask = 2147483647;
			files = (
			);
			runOnlyForDeploymentPostprocessing = 0;
		};
/* End PBXFrameworksBuildPhase section */

/* Begin PBXGroup section */
		58089CAD1E20C4960060FE40 = {
			isa = PBXGroup;
			children = (
				58089CB81E20C4960060FE40 /* ExpandableCells */,
				58089CB71E20C4960060FE40 /* Products */,
			);
			sourceTree = "<group>";
		};
		58089CB71E20C4960060FE40 /* Products */ = {
			isa = PBXGroup;
			children = (
				58089CB61E20C4960060FE40 /* ExpandableCells.app */,
			);
			name = Products;
			sourceTree = "<group>";
		};
		58089CB81E20C4960060FE40 /* ExpandableCells */ = {
			isa = PBXGroup;
			children = (
				58089CB91E20C4960060FE40 /* AppDelegate.swift */,
				58089CBB1E20C4960060FE40 /* ViewController.swift */,
				58089CBD1E20C4960060FE40 /* Main.storyboard */,
				58089CC01E20C4960060FE40 /* Assets.xcassets */,
				58089CC21E20C4960060FE40 /* LaunchScreen.storyboard */,
				58089CC51E20C4960060FE40 /* Info.plist */,
			);
			path = ExpandableCells;
			sourceTree = "<group>";
		};
/* End PBXGroup section */

/* Begin PBXNativeTarget section */
		58089CB51E20C4960060FE40 /* ExpandableCells */ = {
			isa = PBXNativeTarget;
			buildConfigurationList = 58089CC81E20C4960060FE40 /* Build configuration list for PBXNativeTarget "ExpandableCells" */;
			buildPhases = (
				58089CB21E20C4960060FE40 /* Sources */,
				58089CB31E20C4960060FE40 /* Frameworks */,
				58089CB41E20C4960060FE40 /* Resources */,
			);
			buildRules = (
			);
			dependencies = (
			);
			name = ExpandableCells;
			productName = ExpandableCells;
			productReference = 58089CB61E20C4960060FE40 /* ExpandableCells.app */;
			productType = "com.apple.product-type.application";
		};
/* End PBXNativeTarget section */

/* Begin PBXProject section */
		58089CAE1E20C4960060FE40 /* Project object */ = {
			isa = PBXProject;
			attributes = {
				LastSwiftUpdateCheck = 0810;
				LastUpgradeCheck = 0810;
				ORGANIZATIONNAME = Next;
				TargetAttributes = {
					58089CB51E20C4960060FE40 = {
						CreatedOnToolsVersion = 8.1;
						DevelopmentTeam = 7KV7Y4QP2Z;
						ProvisioningStyle = Automatic;
					};
				};
			};
			buildConfigurationList = 58089CB11E20C4960060FE40 /* Build configuration list for PBXProject "ExpandableCells" */;
			compatibilityVersion = "Xcode 3.2";
			developmentRegion = English;
			hasScannedForEncodings = 0;
			knownRegions = (
				en,
				Base,
			);
			mainGroup = 58089CAD1E20C4960060FE40;
			productRefGroup = 58089CB71E20C4960060FE40 /* Products */;
			projectDirPath = "";
			projectRoot = "";
			targets = (
				58089CB51E20C4960060FE40 /* ExpandableCells */,
			);
		};
/* End PBXProject section */

/* Begin PBXResourcesBuildPhase section */
		58089CB41E20C4960060FE40 /* Resources */ = {
			isa = PBXResourcesBuildPhase;
			buildActionMask = 2147483647;
			files = (
				58089CC41E20C4960060FE40 /* LaunchScreen.storyboard in Resources */,
				58089CC11E20C4960060FE40 /* Assets.xcassets in Resources */,
				58089CBF1E20C4960060FE40 /* Main.storyboard in Resources */,
			);
			runOnlyForDeploymentPostprocessing = 0;
		};
/* End PBXResourcesBuildPhase section */

/* Begin PBXSourcesBuildPhase section */
		58089CB21E20C4960060FE40 /* Sources */ = {
			isa = PBXSourcesBuildPhase;
			buildActionMask = 2147483647;
			files = (
				58089CBC1E20C4960060FE40 /* ViewController.swift in Sources */,
				58089CBA1E20C4960060FE40 /* AppDelegate.swift in Sources */,
			);
			runOnlyForDeploymentPostprocessing = 0;
		};
/* End PBXSourcesBuildPhase section */

/* Begin PBXVariantGroup section */
		58089CBD1E20C4960060FE40 /* Main.storyboard */ = {
			isa = PBXVariantGroup;
			children = (
				58089CBE1E20C4960060FE40 /* Base */,
			);
			name = Main.storyboard;
			sourceTree = "<group>";
		};
		58089CC21E20C4960060FE40 /* LaunchScreen.storyboard */ = {
			isa = PBXVariantGroup;
			children = (
				58089CC31E20C4960060FE40 /* Base */,
			);
			name = LaunchScreen.storyboard;
			sourceTree = "<group>";
		};
/* End PBXVariantGroup section */

/* Begin XCBuildConfiguration section */
		58089CC61E20C4960060FE40 /* Debug */ = {
			isa = XCBuildConfiguration;
			buildSettings = {
				ALWAYS_SEARCH_USER_PATHS = NO;
				CLANG_ANALYZER_NONNULL = YES;
				CLANG_CXX_LANGUAGE_STANDARD = "gnu++0x";
				CLANG_CXX_LIBRARY = "libc++";
				CLANG_ENABLE_MODULES = YES;
				CLANG_ENABLE_OBJC_ARC = YES;
				CLANG_WARN_BOOL_CONVERSION = YES;
				CLANG_WARN_CONSTANT_CONVERSION = YES;
				CLANG_WARN_DIRECT_OBJC_ISA_USAGE = YES_ERROR;
				CLANG_WARN_DOCUMENTATION_COMMENTS = YES;
				CLANG_WARN_EMPTY_BODY = YES;
				CLANG_WARN_ENUM_CONVERSION = YES;
				CLANG_WARN_INFINITE_RECURSION = YES;
				CLANG_WARN_INT_CONVERSION = YES;
				CLANG_WARN_OBJC_ROOT_CLASS = YES_ERROR;
				CLANG_WARN_SUSPICIOUS_MOVES = YES;
				CLANG_WARN_UNREACHABLE_CODE = YES;
				CLANG_WARN__DUPLICATE_METHOD_MATCH = YES;
				"CODE_SIGN_IDENTITY[sdk=iphoneos*]" = "iPhone Developer";
				COPY_PHASE_STRIP = NO;
				DEBUG_INFORMATION_FORMAT = dwarf;
				ENABLE_STRICT_OBJC_MSGSEND = YES;
				ENABLE_TESTABILITY = YES;
				GCC_C_LANGUAGE_STANDARD = gnu99;
				GCC_DYNAMIC_NO_PIC = NO;
				GCC_NO_COMMON_BLOCKS = YES;
				GCC_OPTIMIZATION_LEVEL = 0;
				GCC_PREPROCESSOR_DEFINITIONS = (
					"DEBUG=1",
					"$(inherited)",
				);
				GCC_WARN_64_TO_32_BIT_CONVERSION = YES;
				GCC_WARN_ABOUT_RETURN_TYPE = YES_ERROR;
				GCC_WARN_UNDECLARED_SELECTOR = YES;
				GCC_WARN_UNINITIALIZED_AUTOS = YES_AGGRESSIVE;
				GCC_WARN_UNUSED_FUNCTION = YES;
				GCC_WARN_UNUSED_VARIABLE = YES;
				IPHONEOS_DEPLOYMENT_TARGET = 10.1;
				MTL_ENABLE_DEBUG_INFO = YES;
				ONLY_ACTIVE_ARCH = YES;
				SDKROOT = iphoneos;
				SWIFT_ACTIVE_COMPILATION_CONDITIONS = DEBUG;
				SWIFT_OPTIMIZATION_LEVEL = "-Onone";
				TARGETED_DEVICE_FAMILY = "1,2";
			};
			name = Debug;
		};
		58089CC71E20C4960060FE40 /* Release */ = {
			isa = XCBuildConfiguration;
			buildSettings = {
				ALWAYS_SEARCH_USER_PATHS = NO;
				CLANG_ANALYZER_NONNULL = YES;
				CLANG_CXX_LANGUAGE_STANDARD = "gnu++0x";
				CLANG_CXX_LIBRARY = "libc++";
				CLANG_ENABLE_MODULES = YES;
				CLANG_ENABLE_OBJC_ARC = YES;
				CLANG_WARN_BOOL_CONVERSION = YES;
				CLANG_WARN_CONSTANT_CONVERSION = YES;
				CLANG_WARN_DIRECT_OBJC_ISA_USAGE = YES_ERROR;
				CLANG_WARN_DOCUMENTATION_COMMENTS = YES;
				CLANG_WARN_EMPTY_BODY = YES;
				CLANG_WARN_ENUM_CONVERSION = YES;
				CLANG_WARN_INFINITE_RECURSION = YES;
				CLANG_WARN_INT_CONVERSION = YES;
				CLANG_WARN_OBJC_ROOT_CLASS = YES_ERROR;
				CLANG_WARN_SUSPICIOUS_MOVES = YES;
				CLANG_WARN_UNREACHABLE_CODE = YES;
				CLANG_WARN__DUPLICATE_METHOD_MATCH = YES;
				"CODE_SIGN_IDENTITY[sdk=iphoneos*]" = "iPhone Developer";
				COPY_PHASE_STRIP = NO;
				DEBUG_INFORMATION_FORMAT = "dwarf-with-dsym";
				ENABLE_NS_ASSERTIONS = NO;
				ENABLE_STRICT_OBJC_MSGSEND = YES;
				GCC_C_LANGUAGE_STANDARD = gnu99;
				GCC_NO_COMMON_BLOCKS = YES;
				GCC_WARN_64_TO_32_BIT_CONVERSION = YES;
				GCC_WARN_ABOUT_RETURN_TYPE = YES_ERROR;
				GCC_WARN_UNDECLARED_SELECTOR = YES;
				GCC_WARN_UNINITIALIZED_AUTOS = YES_AGGRESSIVE;
				GCC_WARN_UNUSED_FUNCTION = YES;
				GCC_WARN_UNUSED_VARIABLE = YES;
				IPHONEOS_DEPLOYMENT_TARGET = 10.1;
				MTL_ENABLE_DEBUG_INFO = NO;
				SDKROOT = iphoneos;
				SWIFT_OPTIMIZATION_LEVEL = "-Owholemodule";
				TARGETED_DEVICE_FAMILY = "1,2";
				VALIDATE_PRODUCT = YES;
			};
			name = Release;
		};
		58089CC91E20C4960060FE40 /* Debug */ = {
			isa = XCBuildConfiguration;
			buildSettings = {
				ASSETCATALOG_COMPILER_APPICON_NAME = AppIcon;
				DEVELOPMENT_TEAM = 7KV7Y4QP2Z;
				INFOPLIST_FILE = ExpandableCells/Info.plist;
				LD_RUNPATH_SEARCH_PATHS = "$(inherited) @executable_path/Frameworks";
				PRODUCT_BUNDLE_IDENTIFIER = com.next.ExpandableCells;
				PRODUCT_NAME = "$(TARGET_NAME)";
				SWIFT_VERSION = 3.0;
			};
			name = Debug;
		};
		58089CCA1E20C4960060FE40 /* Release */ = {
			isa = XCBuildConfiguration;
			buildSettings = {
				ASSETCATALOG_COMPILER_APPICON_NAME = AppIcon;
				DEVELOPMENT_TEAM = 7KV7Y4QP2Z;
				INFOPLIST_FILE = ExpandableCells/Info.plist;
				LD_RUNPATH_SEARCH_PATHS = "$(inherited) @executable_path/Frameworks";
				PRODUCT_BUNDLE_IDENTIFIER = com.next.ExpandableCells;
				PRODUCT_NAME = "$(TARGET_NAME)";
				SWIFT_VERSION = 3.0;
			};
			name = Release;
		};
/* End XCBuildConfiguration section */

/* Begin XCConfigurationList section */
		58089CB11E20C4960060FE40 /* Build configuration list for PBXProject "ExpandableCells" */ = {
			isa = XCConfigurationList;
			buildConfigurations = (
				58089CC61E20C4960060FE40 /* Debug */,
				58089CC71E20C4960060FE40 /* Release */,
			);
			defaultConfigurationIsVisible = 0;
			defaultConfigurationName = Release;
		};
		58089CC81E20C4960060FE40 /* Build configuration list for PBXNativeTarget "ExpandableCells" */ = {
			isa = XCConfigurationList;
			buildConfigurations = (
				58089CC91E20C4960060FE40 /* Debug */,
				58089CCA1E20C4960060FE40 /* Release */,
			);
			defaultConfigurationIsVisible = 0;
		};
/* End XCConfigurationList section */
	};
	rootObject = 58089CAE1E20C4960060FE40 /* Project object */;
}
